
Microsoft Visual Studio Solution File, Format Version 12.00
# Visual Studio 15
VisualStudioVersion = 15.0.26730.10
MinimumVisualStudioVersion = 10.0.40219.1
Project("{FAE04EC0-301F-11D3-BF4B-00C04F79EFBC}") = "[1]", "[1]\[1].csproj", "{07473F2D-452D-4BCE-A938-E31FDFEC3696}"
EndProject
Global
	GlobalSection(SolutionConfigurationPlatforms) = preSolution
		Debug|Any CPU = Debug|Any CPU
		Release|Any CPU = Release|Any CPU
	EndGlobalSection
	GlobalSection(ProjectConfigurationPlatforms) = postSolution
		{07473F2D-452D-4BCE-A938-E31FDFEC3696}.Debug|Any CPU.ActiveCfg = Debug|Any CPU
		{07473F2D-452D-4BCE-A938-E31FDFEC3696}.Debug|Any CPU.Build.0 = Debug|Any CPU
		{07473F2D-452D-4BCE-A938-E31FDFEC3696}.Release|Any CPU.ActiveCfg = Release|Any CPU
		{07473F2D-452D-4BCE-A938-E31FDFEC3696}.Release|Any CPU.Build.0 = Release|Any CPU
	EndGlobalSection
	GlobalSection(SolutionProperties) = preSolution
		HideSolutionNode = FALSE
	EndGlobalSection
	GlobalSection(ExtensibilityGlobals) = postSolution
		SolutionGuid = {19A9C497-2722-4DB8-A64E-89547C9F33BB}
	EndGlobalSection
EndGlobal
